
Microsoft Visual Studio Solution File, Format Version 12.00
# Visual Studio Version 16
VisualStudioVersion = 16.0.30503.244
MinimumVisualStudioVersion = 10.0.40219.1
Project("{FAE04EC0-301F-11D3-BF4B-00C04F79EFBC}") = "241-Project", "241-Project\241-Project.csproj", "{A311E71C-1A96-4573-B46A-CAEC87D2F9D9}"
EndProject
Global
	GlobalSection(SolutionConfigurationPlatforms) = preSolution
		Debug|Any CPU = Debug|Any CPU
		Release|Any CPU = Release|Any CPU
	EndGlobalSection
	GlobalSection(ProjectConfigurationPlatforms) = postSolution
		{A311E71C-1A96-4573-B46A-CAEC87D2F9D9}.Debug|Any CPU.ActiveCfg = Debug|Any CPU
		{A311E71C-1A96-4573-B46A-CAEC87D2F9D9}.Debug|Any CPU.Build.0 = Debug|Any CPU
		{A311E71C-1A96-4573-B46A-CAEC87D2F9D9}.Release|Any CPU.ActiveCfg = Release|Any CPU
		{A311E71C-1A96-4573-B46A-CAEC87D2F9D9}.Release|Any CPU.Build.0 = Release|Any CPU
	EndGlobalSection
	GlobalSection(SolutionProperties) = preSolution
		HideSolutionNode = FALSE
	EndGlobalSection
	GlobalSection(ExtensibilityGlobals) = postSolution
		SolutionGuid = {1B1C57D7-BBDA-416A-AFC6-9C79F54B1FFB}
	EndGlobalSection
EndGlobal
